// !$*UTF8*$!
{
	archiveVersion = 1;
	classes = {
	};
	objectVersion = 50;
	objects = {

/* Begin PBXBuildFile section */
		243CBF1E2538AA3D0065B332 /* The Verve - Bitter Sweet Symphony.mp3 in Resources */ = {isa = PBXBuildFile; fileRef = 243CBF1D2538AA3D0065B332 /* The Verve - Bitter Sweet Symphony.mp3 */; };
		243CBF202538AA450065B332 /* RAC - Never Let You Go.mp3 in Resources */ = {isa = PBXBuildFile; fileRef = 243CBF1F2538AA450065B332 /* RAC - Never Let You Go.mp3 */; };
		243CBF222538AA4D0065B332 /* Scarlet's theme.mp3 in Resources */ = {isa = PBXBuildFile; fileRef = 243CBF212538AA4D0065B332 /* Scarlet's theme.mp3 */; };
		243CBF242538AA510065B332 /* Elton John - Rocket Man.mp3 in Resources */ = {isa = PBXBuildFile; fileRef = 243CBF232538AA510065B332 /* Elton John - Rocket Man.mp3 */; };
		243CBF262538AA570065B332 /* Heavenly Star_ by Genki Rockets.mp3 in Resources */ = {isa = PBXBuildFile; fileRef = 243CBF252538AA570065B332 /* Heavenly Star_ by Genki Rockets.mp3 */; };
		24A6DA2725386E6900FD27DC /* AppDelegate.swift in Sources */ = {isa = PBXBuildFile; fileRef = 24A6DA2625386E6900FD27DC /* AppDelegate.swift */; };
		24A6DA2925386E6900FD27DC /* SceneDelegate.swift in Sources */ = {isa = PBXBuildFile; fileRef = 24A6DA2825386E6900FD27DC /* SceneDelegate.swift */; };
		24A6DA2B25386E6900FD27DC /* ViewController.swift in Sources */ = {isa = PBXBuildFile; fileRef = 24A6DA2A25386E6900FD27DC /* ViewController.swift */; };
		24A6DA2E25386E6900FD27DC /* Main.storyboard in Resources */ = {isa = PBXBuildFile; fileRef = 24A6DA2C25386E6900FD27DC /* Main.storyboard */; };
		24A6DA3025386E6A00FD27DC /* Assets.xcassets in Resources */ = {isa = PBXBuildFile; fileRef = 24A6DA2F25386E6A00FD27DC /* Assets.xcassets */; };
		24A6DA3325386E6A00FD27DC /* LaunchScreen.storyboard in Resources */ = {isa = PBXBuildFile; fileRef = 24A6DA3125386E6A00FD27DC /* LaunchScreen.storyboard */; };
		24A6DA3B25386FA500FD27DC /* LyricsViewController.swift in Sources */ = {isa = PBXBuildFile; fileRef = 24A6DA3A25386FA500FD27DC /* LyricsViewController.swift */; };
/* End PBXBuildFile section */

/* Begin PBXFileReference section */
		243CBF1D2538AA3D0065B332 /* The Verve - Bitter Sweet Symphony.mp3 */ = {isa = PBXFileReference; lastKnownFileType = audio.mp3; path = "The Verve - Bitter Sweet Symphony.mp3"; sourceTree = "<group>"; };
		243CBF1F2538AA450065B332 /* RAC - Never Let You Go.mp3 */ = {isa = PBXFileReference; lastKnownFileType = audio.mp3; path = "RAC - Never Let You Go.mp3"; sourceTree = "<group>"; };
		243CBF212538AA4D0065B332 /* Scarlet's theme.mp3 */ = {isa = PBXFileReference; lastKnownFileType = audio.mp3; path = "Scarlet's theme.mp3"; sourceTree = "<group>"; };
		243CBF232538AA510065B332 /* Elton John - Rocket Man.mp3 */ = {isa = PBXFileReference; lastKnownFileType = audio.mp3; path = "Elton John - Rocket Man.mp3"; sourceTree = "<group>"; };
		243CBF252538AA570065B332 /* Heavenly Star_ by Genki Rockets.mp3 */ = {isa = PBXFileReference; lastKnownFileType = audio.mp3; path = "Heavenly Star_ by Genki Rockets.mp3"; sourceTree = "<group>"; };
		24A6DA2325386E6900FD27DC /* songPlayerDemo.app */ = {isa = PBXFileReference; explicitFileType = wrapper.application; includeInIndex = 0; path = songPlayerDemo.app; sourceTree = BUILT_PRODUCTS_DIR; };
		24A6DA2625386E6900FD27DC /* AppDelegate.swift */ = {isa = PBXFileReference; lastKnownFileType = sourcecode.swift; path = AppDelegate.swift; sourceTree = "<group>"; };
		24A6DA2825386E6900FD27DC /* SceneDelegate.swift */ = {isa = PBXFileReference; lastKnownFileType = sourcecode.swift; path = SceneDelegate.swift; sourceTree = "<group>"; };
		24A6DA2A25386E6900FD27DC /* ViewController.swift */ = {isa = PBXFileReference; lastKnownFileType = sourcecode.swift; path = ViewController.swift; sourceTree = "<group>"; };
		24A6DA2D25386E6900FD27DC /* Base */ = {isa = PBXFileReference; lastKnownFileType = file.storyboard; name = Base; path = Base.lproj/Main.storyboard; sourceTree = "<group>"; };
		24A6DA2F25386E6A00FD27DC /* Assets.xcassets */ = {isa = PBXFileReference; lastKnownFileType = folder.assetcatalog; path = Assets.xcassets; sourceTree = "<group>"; };
		24A6DA3225386E6A00FD27DC /* Base */ = {isa = PBXFileReference; lastKnownFileType = file.storyboard; name = Base; path = Base.lproj/LaunchScreen.storyboard; sourceTree = "<group>"; };
		24A6DA3425386E6A00FD27DC /* Info.plist */ = {isa = PBXFileReference; lastKnownFileType = text.plist.xml; path = Info.plist; sourceTree = "<group>"; };
		24A6DA3A25386FA500FD27DC /* LyricsViewController.swift */ = {isa = PBXFileReference; lastKnownFileType = sourcecode.swift; path = LyricsViewController.swift; sourceTree = "<group>"; };
/* End PBXFileReference section */

/* Begin PBXFrameworksBuildPhase section */
		24A6DA2025386E6900FD27DC /* Frameworks */ = {
			isa = PBXFrameworksBuildPhase;
			buildActionMask = 2147483647;
			files = (
			);
			runOnlyForDeploymentPostprocessing = 0;
		};
/* End PBXFrameworksBuildPhase section */

/* Begin PBXGroup section */
		24A6DA1A25386E6800FD27DC = {
			isa = PBXGroup;
			children = (
				24A6DA2525386E6900FD27DC /* songPlayerDemo */,
				24A6DA2425386E6900FD27DC /* Products */,
			);
			sourceTree = "<group>";
		};
		24A6DA2425386E6900FD27DC /* Products */ = {
			isa = PBXGroup;
			children = (
				24A6DA2325386E6900FD27DC /* songPlayerDemo.app */,
			);
			name = Products;
			sourceTree = "<group>";
		};
		24A6DA2525386E6900FD27DC /* songPlayerDemo */ = {
			isa = PBXGroup;
			children = (
				24A6DA2625386E6900FD27DC /* AppDelegate.swift */,
				24A6DA2825386E6900FD27DC /* SceneDelegate.swift */,
				24A6DA2C25386E6900FD27DC /* Main.storyboard */,
				24A6DA2A25386E6900FD27DC /* ViewController.swift */,
				24A6DA3A25386FA500FD27DC /* LyricsViewController.swift */,
				24A6DA3C2538700600FD27DC /* Song */,
				24A6DA2F25386E6A00FD27DC /* Assets.xcassets */,
				24A6DA3125386E6A00FD27DC /* LaunchScreen.storyboard */,
				24A6DA3425386E6A00FD27DC /* Info.plist */,
			);
			path = songPlayerDemo;
			sourceTree = "<group>";
		};
		24A6DA3C2538700600FD27DC /* Song */ = {
			isa = PBXGroup;
			children = (
				243CBF1D2538AA3D0065B332 /* The Verve - Bitter Sweet Symphony.mp3 */,
				243CBF1F2538AA450065B332 /* RAC - Never Let You Go.mp3 */,
				243CBF252538AA570065B332 /* Heavenly Star_ by Genki Rockets.mp3 */,
				243CBF232538AA510065B332 /* Elton John - Rocket Man.mp3 */,
				243CBF212538AA4D0065B332 /* Scarlet's theme.mp3 */,
			);
			path = Song;
			sourceTree = "<group>";
		};
/* End PBXGroup section */

/* Begin PBXNativeTarget section */
		24A6DA2225386E6900FD27DC /* songPlayerDemo */ = {
			isa = PBXNativeTarget;
			buildConfigurationList = 24A6DA3725386E6A00FD27DC /* Build configuration list for PBXNativeTarget "songPlayerDemo" */;
			buildPhases = (
				24A6DA1F25386E6900FD27DC /* Sources */,
				24A6DA2025386E6900FD27DC /* Frameworks */,
				24A6DA2125386E6900FD27DC /* Resources */,
			);
			buildRules = (
			);
			dependencies = (
			);
			name = songPlayerDemo;
			productName = songPlayerDemo;
			productReference = 24A6DA2325386E6900FD27DC /* songPlayerDemo.app */;
			productType = "com.apple.product-type.application";
		};
/* End PBXNativeTarget section */

/* Begin PBXProject section */
		24A6DA1B25386E6900FD27DC /* Project object */ = {
			isa = PBXProject;
			attributes = {
				LastSwiftUpdateCheck = 1160;
				LastUpgradeCheck = 1160;
				ORGANIZATIONNAME = Steven;
				TargetAttributes = {
					24A6DA2225386E6900FD27DC = {
						CreatedOnToolsVersion = 11.6;
					};
				};
			};
			buildConfigurationList = 24A6DA1E25386E6900FD27DC /* Build configuration list for PBXProject "songPlayerDemo" */;
			compatibilityVersion = "Xcode 9.3";
			developmentRegion = en;
			hasScannedForEncodings = 0;
			knownRegions = (
				en,
				Base,
			);
			mainGroup = 24A6DA1A25386E6800FD27DC;
			productRefGroup = 24A6DA2425386E6900FD27DC /* Products */;
			projectDirPath = "";
			projectRoot = "";
			targets = (
				24A6DA2225386E6900FD27DC /* songPlayerDemo */,
			);
		};
/* End PBXProject section */

/* Begin PBXResourcesBuildPhase section */
		24A6DA2125386E6900FD27DC /* Resources */ = {
			isa = PBXResourcesBuildPhase;
			buildActionMask = 2147483647;
			files = (
				24A6DA3325386E6A00FD27DC /* LaunchScreen.storyboard in Resources */,
				24A6DA3025386E6A00FD27DC /* Assets.xcassets in Resources */,
				243CBF262538AA570065B332 /* Heavenly Star_ by Genki Rockets.mp3 in Resources */,
				243CBF1E2538AA3D0065B332 /* The Verve - Bitter Sweet Symphony.mp3 in Resources */,
				243CBF202538AA450065B332 /* RAC - Never Let You Go.mp3 in Resources */,
				243CBF222538AA4D0065B332 /* Scarlet's theme.mp3 in Resources */,
				243CBF242538AA510065B332 /* Elton John - Rocket Man.mp3 in Resources */,
				24A6DA2E25386E6900FD27DC /* Main.storyboard in Resources */,
			);
			runOnlyForDeploymentPostprocessing = 0;
		};
/* End PBXResourcesBuildPhase section */

/* Begin PBXSourcesBuildPhase section */
		24A6DA1F25386E6900FD27DC /* Sources */ = {
			isa = PBXSourcesBuildPhase;
			buildActionMask = 2147483647;
			files = (
				24A6DA2B25386E6900FD27DC /* ViewController.swift in Sources */,
				24A6DA2725386E6900FD27DC /* AppDelegate.swift in Sources */,
				24A6DA3B25386FA500FD27DC /* LyricsViewController.swift in Sources */,
				24A6DA2925386E6900FD27DC /* SceneDelegate.swift in Sources */,
			);
			runOnlyForDeploymentPostprocessing = 0;
		};
/* End PBXSourcesBuildPhase section */

/* Begin PBXVariantGroup section */
		24A6DA2C25386E6900FD27DC /* Main.storyboard */ = {
			isa = PBXVariantGroup;
			children = (
				24A6DA2D25386E6900FD27DC /* Base */,
			);
			name = Main.storyboard;
			sourceTree = "<group>";
		};
		24A6DA3125386E6A00FD27DC /* LaunchScreen.storyboard */ = {
			isa = PBXVariantGroup;
			children = (
				24A6DA3225386E6A00FD27DC /* Base */,
			);
			name = LaunchScreen.storyboard;
			sourceTree = "<group>";
		};
/* End PBXVariantGroup section */

/* Begin XCBuildConfiguration section */
		24A6DA3525386E6A00FD27DC /* Debug */ = {
			isa = XCBuildConfiguration;
			buildSettings = {
				ALWAYS_SEARCH_USER_PATHS = NO;
				CLANG_ANALYZER_NONNULL = YES;
				CLANG_ANALYZER_NUMBER_OBJECT_CONVERSION = YES_AGGRESSIVE;
				CLANG_CXX_LANGUAGE_STANDARD = "gnu++14";
				CLANG_CXX_LIBRARY = "libc++";
				CLANG_ENABLE_MODULES = YES;
				CLANG_ENABLE_OBJC_ARC = YES;
				CLANG_ENABLE_OBJC_WEAK = YES;
				CLANG_WARN_BLOCK_CAPTURE_AUTORELEASING = YES;
				CLANG_WARN_BOOL_CONVERSION = YES;
				CLANG_WARN_COMMA = YES;
				CLANG_WARN_CONSTANT_CONVERSION = YES;
				CLANG_WARN_DEPRECATED_OBJC_IMPLEMENTATIONS = YES;
				CLANG_WARN_DIRECT_OBJC_ISA_USAGE = YES_ERROR;
				CLANG_WARN_DOCUMENTATION_COMMENTS = YES;
				CLANG_WARN_EMPTY_BODY = YES;
				CLANG_WARN_ENUM_CONVERSION = YES;
				CLANG_WARN_INFINITE_RECURSION = YES;
				CLANG_WARN_INT_CONVERSION = YES;
				CLANG_WARN_NON_LITERAL_NULL_CONVERSION = YES;
				CLANG_WARN_OBJC_IMPLICIT_RETAIN_SELF = YES;
				CLANG_WARN_OBJC_LITERAL_CONVERSION = YES;
				CLANG_WARN_OBJC_ROOT_CLASS = YES_ERROR;
				CLANG_WARN_RANGE_LOOP_ANALYSIS = YES;
				CLANG_WARN_STRICT_PROTOTYPES = YES;
				CLANG_WARN_SUSPICIOUS_MOVE = YES;
				CLANG_WARN_UNGUARDED_AVAILABILITY = YES_AGGRESSIVE;
				CLANG_WARN_UNREACHABLE_CODE = YES;
				CLANG_WARN__DUPLICATE_METHOD_MATCH = YES;
				COPY_PHASE_STRIP = NO;
				DEBUG_INFORMATION_FORMAT = dwarf;
				ENABLE_STRICT_OBJC_MSGSEND = YES;
				ENABLE_TESTABILITY = YES;
				GCC_C_LANGUAGE_STANDARD = gnu11;
				GCC_DYNAMIC_NO_PIC = NO;
				GCC_NO_COMMON_BLOCKS = YES;
				GCC_OPTIMIZATION_LEVEL = 0;
				GCC_PREPROCESSOR_DEFINITIONS = (
					"DEBUG=1",
					"$(inherited)",
				);
				GCC_WARN_64_TO_32_BIT_CONVERSION = YES;
				GCC_WARN_ABOUT_RETURN_TYPE = YES_ERROR;
				GCC_WARN_UNDECLARED_SELECTOR = YES;
				GCC_WARN_UNINITIALIZED_AUTOS = YES_AGGRESSIVE;
				GCC_WARN_UNUSED_FUNCTION = YES;
				GCC_WARN_UNUSED_VARIABLE = YES;
				IPHONEOS_DEPLOYMENT_TARGET = 13.6;
				MTL_ENABLE_DEBUG_INFO = INCLUDE_SOURCE;
				MTL_FAST_MATH = YES;
				ONLY_ACTIVE_ARCH = YES;
				SDKROOT = iphoneos;
				SWIFT_ACTIVE_COMPILATION_CONDITIONS = DEBUG;
				SWIFT_OPTIMIZATION_LEVEL = "-Onone";
			};
			name = Debug;
		};
		24A6DA3625386E6A00FD27DC /* Release */ = {
			isa = XCBuildConfiguration;
			buildSettings = {
				ALWAYS_SEARCH_USER_PATHS = NO;
				CLANG_ANALYZER_NONNULL = YES;
				CLANG_ANALYZER_NUMBER_OBJECT_CONVERSION = YES_AGGRESSIVE;
				CLANG_CXX_LANGUAGE_STANDARD = "gnu++14";
				CLANG_CXX_LIBRARY = "libc++";
				CLANG_ENABLE_MODULES = YES;
				CLANG_ENABLE_OBJC_ARC = YES;
				CLANG_ENABLE_OBJC_WEAK = YES;
				CLANG_WARN_BLOCK_CAPTURE_AUTORELEASING = YES;
				CLANG_WARN_BOOL_CONVERSION = YES;
				CLANG_WARN_COMMA = YES;
				CLANG_WARN_CONSTANT_CONVERSION = YES;
				CLANG_WARN_DEPRECATED_OBJC_IMPLEMENTATIONS = YES;
				CLANG_WARN_DIRECT_OBJC_ISA_USAGE = YES_ERROR;
				CLANG_WARN_DOCUMENTATION_COMMENTS = YES;
				CLANG_WARN_EMPTY_BODY = YES;
				CLANG_WARN_ENUM_CONVERSION = YES;
				CLANG_WARN_INFINITE_RECURSION = YES;
				CLANG_WARN_INT_CONVERSION = YES;
				CLANG_WARN_NON_LITERAL_NULL_CONVERSION = YES;
				CLANG_WARN_OBJC_IMPLICIT_RETAIN_SELF = YES;
				CLANG_WARN_OBJC_LITERAL_CONVERSION = YES;
				CLANG_WARN_OBJC_ROOT_CLASS = YES_ERROR;
				CLANG_WARN_RANGE_LOOP_ANALYSIS = YES;
				CLANG_WARN_STRICT_PROTOTYPES = YES;
				CLANG_WARN_SUSPICIOUS_MOVE = YES;
				CLANG_WARN_UNGUARDED_AVAILABILITY = YES_AGGRESSIVE;
				CLANG_WARN_UNREACHABLE_CODE = YES;
				CLANG_WARN__DUPLICATE_METHOD_MATCH = YES;
				COPY_PHASE_STRIP = NO;
				DEBUG_INFORMATION_FORMAT = "dwarf-with-dsym";
				ENABLE_NS_ASSERTIONS = NO;
				ENABLE_STRICT_OBJC_MSGSEND = YES;
				GCC_C_LANGUAGE_STANDARD = gnu11;
				GCC_NO_COMMON_BLOCKS = YES;
				GCC_WARN_64_TO_32_BIT_CONVERSION = YES;
				GCC_WARN_ABOUT_RETURN_TYPE = YES_ERROR;
				GCC_WARN_UNDECLARED_SELECTOR = YES;
				GCC_WARN_UNINITIALIZED_AUTOS = YES_AGGRESSIVE;
				GCC_WARN_UNUSED_FUNCTION = YES;
				GCC_WARN_UNUSED_VARIABLE = YES;
				IPHONEOS_DEPLOYMENT_TARGET = 13.6;
				MTL_ENABLE_DEBUG_INFO = NO;
				MTL_FAST_MATH = YES;
				SDKROOT = iphoneos;
				SWIFT_COMPILATION_MODE = wholemodule;
				SWIFT_OPTIMIZATION_LEVEL = "-O";
				VALIDATE_PRODUCT = YES;
			};
			name = Release;
		};
		24A6DA3825386E6A00FD27DC /* Debug */ = {
			isa = XCBuildConfiguration;
			buildSettings = {
				ASSETCATALOG_COMPILER_APPICON_NAME = AppIcon;
				CODE_SIGN_STYLE = Automatic;
				INFOPLIST_FILE = songPlayerDemo/Info.plist;
				LD_RUNPATH_SEARCH_PATHS = (
					"$(inherited)",
					"@executable_path/Frameworks",
				);
				PRODUCT_BUNDLE_IDENTIFIER = "Steven-QI.songPlayerDemo";
				PRODUCT_NAME = "$(TARGET_NAME)";
				SWIFT_VERSION = 5.0;
				TARGETED_DEVICE_FAMILY = "1,2";
			};
			name = Debug;
		};
		24A6DA3925386E6A00FD27DC /* Release */ = {
			isa = XCBuildConfiguration;
			buildSettings = {
				ASSETCATALOG_COMPILER_APPICON_NAME = AppIcon;
				CODE_SIGN_STYLE = Automatic;
				INFOPLIST_FILE = songPlayerDemo/Info.plist;
				LD_RUNPATH_SEARCH_PATHS = (
					"$(inherited)",
					"@executable_path/Frameworks",
				);
				PRODUCT_BUNDLE_IDENTIFIER = "Steven-QI.songPlayerDemo";
				PRODUCT_NAME = "$(TARGET_NAME)";
				SWIFT_VERSION = 5.0;
				TARGETED_DEVICE_FAMILY = "1,2";
			};
			name = Release;
		};
/* End XCBuildConfiguration section */

/* Begin XCConfigurationList section */
		24A6DA1E25386E6900FD27DC /* Build configuration list for PBXProject "songPlayerDemo" */ = {
			isa = XCConfigurationList;
			buildConfigurations = (
				24A6DA3525386E6A00FD27DC /* Debug */,
				24A6DA3625386E6A00FD27DC /* Release */,
			);
			defaultConfigurationIsVisible = 0;
			defaultConfigurationName = Release;
		};
		24A6DA3725386E6A00FD27DC /* Build configuration list for PBXNativeTarget "songPlayerDemo" */ = {
			isa = XCConfigurationList;
			buildConfigurations = (
				24A6DA3825386E6A00FD27DC /* Debug */,
				24A6DA3925386E6A00FD27DC /* Release */,
			);
			defaultConfigurationIsVisible = 0;
			defaultConfigurationName = Release;
		};
/* End XCConfigurationList section */
	};
	rootObject = 24A6DA1B25386E6900FD27DC /* Project object */;
}
